// !$*UTF8*$!
{
	archiveVersion = 1;
	classes = {
	};
	objectVersion = 50;
	objects = {

/* Begin PBXBuildFile section */
		DA2F656D2684540200355188 /* SudokuEngine.swift in Sources */ = {isa = PBXBuildFile; fileRef = DA2F656C2684540200355188 /* SudokuEngine.swift */; };
		DA2F6572268461FD00355188 /* BoardDelegate.swift in Sources */ = {isa = PBXBuildFile; fileRef = DA2F6571268461FD00355188 /* BoardDelegate.swift */; };
		DA2F65772684629000355188 /* Position.swift in Sources */ = {isa = PBXBuildFile; fileRef = DA2F65762684629000355188 /* Position.swift */; };
		DA5E66F72685A82900A4B994 /* NumberPiece.swift in Sources */ = {isa = PBXBuildFile; fileRef = DA5E66F62685A82900A4B994 /* NumberPiece.swift */; };
		DA64891426844F7A003D697B /* AppDelegate.swift in Sources */ = {isa = PBXBuildFile; fileRef = DA64891326844F7A003D697B /* AppDelegate.swift */; };
		DA64891626844F7A003D697B /* SceneDelegate.swift in Sources */ = {isa = PBXBuildFile; fileRef = DA64891526844F7A003D697B /* SceneDelegate.swift */; };
		DA64891826844F7A003D697B /* ViewController.swift in Sources */ = {isa = PBXBuildFile; fileRef = DA64891726844F7A003D697B /* ViewController.swift */; };
		DA64891B26844F7A003D697B /* Main.storyboard in Resources */ = {isa = PBXBuildFile; fileRef = DA64891926844F7A003D697B /* Main.storyboard */; };
		DA64891D26844F7F003D697B /* Assets.xcassets in Resources */ = {isa = PBXBuildFile; fileRef = DA64891C26844F7F003D697B /* Assets.xcassets */; };
		DA64892026844F7F003D697B /* LaunchScreen.storyboard in Resources */ = {isa = PBXBuildFile; fileRef = DA64891E26844F7F003D697B /* LaunchScreen.storyboard */; };
		DA64892B26844F7F003D697B /* SudokuTests.swift in Sources */ = {isa = PBXBuildFile; fileRef = DA64892A26844F7F003D697B /* SudokuTests.swift */; };
		DA64893626844F80003D697B /* SudokuUITests.swift in Sources */ = {isa = PBXBuildFile; fileRef = DA64893526844F80003D697B /* SudokuUITests.swift */; };
		DA64894726844FB2003D697B /* BoardView.swift in Sources */ = {isa = PBXBuildFile; fileRef = DA64894626844FB2003D697B /* BoardView.swift */; };
/* End PBXBuildFile section */

/* Begin PBXContainerItemProxy section */
		DA64892726844F7F003D697B /* PBXContainerItemProxy */ = {
			isa = PBXContainerItemProxy;
			containerPortal = DA64890826844F7A003D697B /* Project object */;
			proxyType = 1;
			remoteGlobalIDString = DA64890F26844F7A003D697B;
			remoteInfo = Sudoku;
		};
		DA64893226844F80003D697B /* PBXContainerItemProxy */ = {
			isa = PBXContainerItemProxy;
			containerPortal = DA64890826844F7A003D697B /* Project object */;
			proxyType = 1;
			remoteGlobalIDString = DA64890F26844F7A003D697B;
			remoteInfo = Sudoku;
		};
/* End PBXContainerItemProxy section */

/* Begin PBXFileReference section */
		DA2F656C2684540200355188 /* SudokuEngine.swift */ = {isa = PBXFileReference; lastKnownFileType = sourcecode.swift; path = SudokuEngine.swift; sourceTree = "<group>"; };
		DA2F6571268461FD00355188 /* BoardDelegate.swift */ = {isa = PBXFileReference; lastKnownFileType = sourcecode.swift; path = BoardDelegate.swift; sourceTree = "<group>"; };
		DA2F65762684629000355188 /* Position.swift */ = {isa = PBXFileReference; lastKnownFileType = sourcecode.swift; path = Position.swift; sourceTree = "<group>"; };
		DA5E66F62685A82900A4B994 /* NumberPiece.swift */ = {isa = PBXFileReference; lastKnownFileType = sourcecode.swift; path = NumberPiece.swift; sourceTree = "<group>"; };
		DA64891026844F7A003D697B /* Sudoku.app */ = {isa = PBXFileReference; explicitFileType = wrapper.application; includeInIndex = 0; path = Sudoku.app; sourceTree = BUILT_PRODUCTS_DIR; };
		DA64891326844F7A003D697B /* AppDelegate.swift */ = {isa = PBXFileReference; lastKnownFileType = sourcecode.swift; path = AppDelegate.swift; sourceTree = "<group>"; };
		DA64891526844F7A003D697B /* SceneDelegate.swift */ = {isa = PBXFileReference; lastKnownFileType = sourcecode.swift; path = SceneDelegate.swift; sourceTree = "<group>"; };
		DA64891726844F7A003D697B /* ViewController.swift */ = {isa = PBXFileReference; lastKnownFileType = sourcecode.swift; path = ViewController.swift; sourceTree = "<group>"; };
		DA64891A26844F7A003D697B /* Base */ = {isa = PBXFileReference; lastKnownFileType = file.storyboard; name = Base; path = Base.lproj/Main.storyboard; sourceTree = "<group>"; };
		DA64891C26844F7F003D697B /* Assets.xcassets */ = {isa = PBXFileReference; lastKnownFileType = folder.assetcatalog; path = Assets.xcassets; sourceTree = "<group>"; };
		DA64891F26844F7F003D697B /* Base */ = {isa = PBXFileReference; lastKnownFileType = file.storyboard; name = Base; path = Base.lproj/LaunchScreen.storyboard; sourceTree = "<group>"; };
		DA64892126844F7F003D697B /* Info.plist */ = {isa = PBXFileReference; lastKnownFileType = text.plist.xml; path = Info.plist; sourceTree = "<group>"; };
		DA64892626844F7F003D697B /* SudokuTests.xctest */ = {isa = PBXFileReference; explicitFileType = wrapper.cfbundle; includeInIndex = 0; path = SudokuTests.xctest; sourceTree = BUILT_PRODUCTS_DIR; };
		DA64892A26844F7F003D697B /* SudokuTests.swift */ = {isa = PBXFileReference; lastKnownFileType = sourcecode.swift; path = SudokuTests.swift; sourceTree = "<group>"; };
		DA64892C26844F7F003D697B /* Info.plist */ = {isa = PBXFileReference; lastKnownFileType = text.plist.xml; path = Info.plist; sourceTree = "<group>"; };
		DA64893126844F80003D697B /* SudokuUITests.xctest */ = {isa = PBXFileReference; explicitFileType = wrapper.cfbundle; includeInIndex = 0; path = SudokuUITests.xctest; sourceTree = BUILT_PRODUCTS_DIR; };
		DA64893526844F80003D697B /* SudokuUITests.swift */ = {isa = PBXFileReference; lastKnownFileType = sourcecode.swift; path = SudokuUITests.swift; sourceTree = "<group>"; };
		DA64893726844F80003D697B /* Info.plist */ = {isa = PBXFileReference; lastKnownFileType = text.plist.xml; path = Info.plist; sourceTree = "<group>"; };
		DA64894626844FB2003D697B /* BoardView.swift */ = {isa = PBXFileReference; lastKnownFileType = sourcecode.swift; path = BoardView.swift; sourceTree = "<group>"; };
/* End PBXFileReference section */

/* Begin PBXFrameworksBuildPhase section */
		DA64890D26844F7A003D697B /* Frameworks */ = {
			isa = PBXFrameworksBuildPhase;
			buildActionMask = 2147483647;
			files = (
			);
			runOnlyForDeploymentPostprocessing = 0;
		};
		DA64892326844F7F003D697B /* Frameworks */ = {
			isa = PBXFrameworksBuildPhase;
			buildActionMask = 2147483647;
			files = (
			);
			runOnlyForDeploymentPostprocessing = 0;
		};
		DA64892E26844F80003D697B /* Frameworks */ = {
			isa = PBXFrameworksBuildPhase;
			buildActionMask = 2147483647;
			files = (
			);
			runOnlyForDeploymentPostprocessing = 0;
		};
/* End PBXFrameworksBuildPhase section */

/* Begin PBXGroup section */
		DA64890726844F7A003D697B = {
			isa = PBXGroup;
			children = (
				DA64891226844F7A003D697B /* Sudoku */,
				DA64892926844F7F003D697B /* SudokuTests */,
				DA64893426844F80003D697B /* SudokuUITests */,
				DA64891126844F7A003D697B /* Products */,
			);
			sourceTree = "<group>";
		};
		DA64891126844F7A003D697B /* Products */ = {
			isa = PBXGroup;
			children = (
				DA64891026844F7A003D697B /* Sudoku.app */,
				DA64892626844F7F003D697B /* SudokuTests.xctest */,
				DA64893126844F80003D697B /* SudokuUITests.xctest */,
			);
			name = Products;
			sourceTree = "<group>";
		};
		DA64891226844F7A003D697B /* Sudoku */ = {
			isa = PBXGroup;
			children = (
				DA64891326844F7A003D697B /* AppDelegate.swift */,
				DA64891526844F7A003D697B /* SceneDelegate.swift */,
				DA64891726844F7A003D697B /* ViewController.swift */,
				DA2F656C2684540200355188 /* SudokuEngine.swift */,
				DA64894626844FB2003D697B /* BoardView.swift */,
				DA2F6571268461FD00355188 /* BoardDelegate.swift */,
				DA2F65762684629000355188 /* Position.swift */,
				DA64891926844F7A003D697B /* Main.storyboard */,
				DA64891C26844F7F003D697B /* Assets.xcassets */,
				DA64891E26844F7F003D697B /* LaunchScreen.storyboard */,
				DA64892126844F7F003D697B /* Info.plist */,
				DA5E66F62685A82900A4B994 /* NumberPiece.swift */,
			);
			path = Sudoku;
			sourceTree = "<group>";
		};
		DA64892926844F7F003D697B /* SudokuTests */ = {
			isa = PBXGroup;
			children = (
				DA64892A26844F7F003D697B /* SudokuTests.swift */,
				DA64892C26844F7F003D697B /* Info.plist */,
			);
			path = SudokuTests;
			sourceTree = "<group>";
		};
		DA64893426844F80003D697B /* SudokuUITests */ = {
			isa = PBXGroup;
			children = (
				DA64893526844F80003D697B /* SudokuUITests.swift */,
				DA64893726844F80003D697B /* Info.plist */,
			);
			path = SudokuUITests;
			sourceTree = "<group>";
		};
/* End PBXGroup section */

/* Begin PBXNativeTarget section */
		DA64890F26844F7A003D697B /* Sudoku */ = {
			isa = PBXNativeTarget;
			buildConfigurationList = DA64893A26844F80003D697B /* Build configuration list for PBXNativeTarget "Sudoku" */;
			buildPhases = (
				DA64890C26844F7A003D697B /* Sources */,
				DA64890D26844F7A003D697B /* Frameworks */,
				DA64890E26844F7A003D697B /* Resources */,
			);
			buildRules = (
			);
			dependencies = (
			);
			name = Sudoku;
			productName = Sudoku;
			productReference = DA64891026844F7A003D697B /* Sudoku.app */;
			productType = "com.apple.product-type.application";
		};
		DA64892526844F7F003D697B /* SudokuTests */ = {
			isa = PBXNativeTarget;
			buildConfigurationList = DA64893D26844F80003D697B /* Build configuration list for PBXNativeTarget "SudokuTests" */;
			buildPhases = (
				DA64892226844F7F003D697B /* Sources */,
				DA64892326844F7F003D697B /* Frameworks */,
				DA64892426844F7F003D697B /* Resources */,
			);
			buildRules = (
			);
			dependencies = (
				DA64892826844F7F003D697B /* PBXTargetDependency */,
			);
			name = SudokuTests;
			productName = SudokuTests;
			productReference = DA64892626844F7F003D697B /* SudokuTests.xctest */;
			productType = "com.apple.product-type.bundle.unit-test";
		};
		DA64893026844F80003D697B /* SudokuUITests */ = {
			isa = PBXNativeTarget;
			buildConfigurationList = DA64894026844F80003D697B /* Build configuration list for PBXNativeTarget "SudokuUITests" */;
			buildPhases = (
				DA64892D26844F80003D697B /* Sources */,
				DA64892E26844F80003D697B /* Frameworks */,
				DA64892F26844F80003D697B /* Resources */,
			);
			buildRules = (
			);
			dependencies = (
				DA64893326844F80003D697B /* PBXTargetDependency */,
			);
			name = SudokuUITests;
			productName = SudokuUITests;
			productReference = DA64893126844F80003D697B /* SudokuUITests.xctest */;
			productType = "com.apple.product-type.bundle.ui-testing";
		};
/* End PBXNativeTarget section */

/* Begin PBXProject section */
		DA64890826844F7A003D697B /* Project object */ = {
			isa = PBXProject;
			attributes = {
				LastSwiftUpdateCheck = 1240;
				LastUpgradeCheck = 1240;
				TargetAttributes = {
					DA64890F26844F7A003D697B = {
						CreatedOnToolsVersion = 12.4;
					};
					DA64892526844F7F003D697B = {
						CreatedOnToolsVersion = 12.4;
						TestTargetID = DA64890F26844F7A003D697B;
					};
					DA64893026844F80003D697B = {
						CreatedOnToolsVersion = 12.4;
						TestTargetID = DA64890F26844F7A003D697B;
					};
				};
			};
			buildConfigurationList = DA64890B26844F7A003D697B /* Build configuration list for PBXProject "Sudoku" */;
			compatibilityVersion = "Xcode 9.3";
			developmentRegion = en;
			hasScannedForEncodings = 0;
			knownRegions = (
				en,
				Base,
			);
			mainGroup = DA64890726844F7A003D697B;
			productRefGroup = DA64891126844F7A003D697B /* Products */;
			projectDirPath = "";
			projectRoot = "";
			targets = (
				DA64890F26844F7A003D697B /* Sudoku */,
				DA64892526844F7F003D697B /* SudokuTests */,
				DA64893026844F80003D697B /* SudokuUITests */,
			);
		};
/* End PBXProject section */

/* Begin PBXResourcesBuildPhase section */
		DA64890E26844F7A003D697B /* Resources */ = {
			isa = PBXResourcesBuildPhase;
			buildActionMask = 2147483647;
			files = (
				DA64892026844F7F003D697B /* LaunchScreen.storyboard in Resources */,
				DA64891D26844F7F003D697B /* Assets.xcassets in Resources */,
				DA64891B26844F7A003D697B /* Main.storyboard in Resources */,
			);
			runOnlyForDeploymentPostprocessing = 0;
		};
		DA64892426844F7F003D697B /* Resources */ = {
			isa = PBXResourcesBuildPhase;
			buildActionMask = 2147483647;
			files = (
			);
			runOnlyForDeploymentPostprocessing = 0;
		};
		DA64892F26844F80003D697B /* Resources */ = {
			isa = PBXResourcesBuildPhase;
			buildActionMask = 2147483647;
			files = (
			);
			runOnlyForDeploymentPostprocessing = 0;
		};
/* End PBXResourcesBuildPhase section */

/* Begin PBXSourcesBuildPhase section */
		DA64890C26844F7A003D697B /* Sources */ = {
			isa = PBXSourcesBuildPhase;
			buildActionMask = 2147483647;
			files = (
				DA2F65772684629000355188 /* Position.swift in Sources */,
				DA64891826844F7A003D697B /* ViewController.swift in Sources */,
				DA64894726844FB2003D697B /* BoardView.swift in Sources */,
				DA5E66F72685A82900A4B994 /* NumberPiece.swift in Sources */,
				DA64891426844F7A003D697B /* AppDelegate.swift in Sources */,
				DA2F6572268461FD00355188 /* BoardDelegate.swift in Sources */,
				DA64891626844F7A003D697B /* SceneDelegate.swift in Sources */,
				DA2F656D2684540200355188 /* SudokuEngine.swift in Sources */,
			);
			runOnlyForDeploymentPostprocessing = 0;
		};
		DA64892226844F7F003D697B /* Sources */ = {
			isa = PBXSourcesBuildPhase;
			buildActionMask = 2147483647;
			files = (
				DA64892B26844F7F003D697B /* SudokuTests.swift in Sources */,
			);
			runOnlyForDeploymentPostprocessing = 0;
		};
		DA64892D26844F80003D697B /* Sources */ = {
			isa = PBXSourcesBuildPhase;
			buildActionMask = 2147483647;
			files = (
				DA64893626844F80003D697B /* SudokuUITests.swift in Sources */,
			);
			runOnlyForDeploymentPostprocessing = 0;
		};
/* End PBXSourcesBuildPhase section */

/* Begin PBXTargetDependency section */
		DA64892826844F7F003D697B /* PBXTargetDependency */ = {
			isa = PBXTargetDependency;
			target = DA64890F26844F7A003D697B /* Sudoku */;
			targetProxy = DA64892726844F7F003D697B /* PBXContainerItemProxy */;
		};
		DA64893326844F80003D697B /* PBXTargetDependency */ = {
			isa = PBXTargetDependency;
			target = DA64890F26844F7A003D697B /* Sudoku */;
			targetProxy = DA64893226844F80003D697B /* PBXContainerItemProxy */;
		};
/* End PBXTargetDependency section */

/* Begin PBXVariantGroup section */
		DA64891926844F7A003D697B /* Main.storyboard */ = {
			isa = PBXVariantGroup;
			children = (
				DA64891A26844F7A003D697B /* Base */,
			);
			name = Main.storyboard;
			sourceTree = "<group>";
		};
		DA64891E26844F7F003D697B /* LaunchScreen.storyboard */ = {
			isa = PBXVariantGroup;
			children = (
				DA64891F26844F7F003D697B /* Base */,
			);
			name = LaunchScreen.storyboard;
			sourceTree = "<group>";
		};
/* End PBXVariantGroup section */

/* Begin XCBuildConfiguration section */
		DA64893826844F80003D697B /* Debug */ = {
			isa = XCBuildConfiguration;
			buildSettings = {
				ALWAYS_SEARCH_USER_PATHS = NO;
				CLANG_ANALYZER_NONNULL = YES;
				CLANG_ANALYZER_NUMBER_OBJECT_CONVERSION = YES_AGGRESSIVE;
				CLANG_CXX_LANGUAGE_STANDARD = "gnu++14";
				CLANG_CXX_LIBRARY = "libc++";
				CLANG_ENABLE_MODULES = YES;
				CLANG_ENABLE_OBJC_ARC = YES;
				CLANG_ENABLE_OBJC_WEAK = YES;
				CLANG_WARN_BLOCK_CAPTURE_AUTORELEASING = YES;
				CLANG_WARN_BOOL_CONVERSION = YES;
				CLANG_WARN_COMMA = YES;
				CLANG_WARN_CONSTANT_CONVERSION = YES;
				CLANG_WARN_DEPRECATED_OBJC_IMPLEMENTATIONS = YES;
				CLANG_WARN_DIRECT_OBJC_ISA_USAGE = YES_ERROR;
				CLANG_WARN_DOCUMENTATION_COMMENTS = YES;
				CLANG_WARN_EMPTY_BODY = YES;
				CLANG_WARN_ENUM_CONVERSION = YES;
				CLANG_WARN_INFINITE_RECURSION = YES;
				CLANG_WARN_INT_CONVERSION = YES;
				CLANG_WARN_NON_LITERAL_NULL_CONVERSION = YES;
				CLANG_WARN_OBJC_IMPLICIT_RETAIN_SELF = YES;
				CLANG_WARN_OBJC_LITERAL_CONVERSION = YES;
				CLANG_WARN_OBJC_ROOT_CLASS = YES_ERROR;
				CLANG_WARN_QUOTED_INCLUDE_IN_FRAMEWORK_HEADER = YES;
				CLANG_WARN_RANGE_LOOP_ANALYSIS = YES;
				CLANG_WARN_STRICT_PROTOTYPES = YES;
				CLANG_WARN_SUSPICIOUS_MOVE = YES;
				CLANG_WARN_UNGUARDED_AVAILABILITY = YES_AGGRESSIVE;
				CLANG_WARN_UNREACHABLE_CODE = YES;
				CLANG_WARN__DUPLICATE_METHOD_MATCH = YES;
				COPY_PHASE_STRIP = NO;
				DEBUG_INFORMATION_FORMAT = dwarf;
				ENABLE_STRICT_OBJC_MSGSEND = YES;
				ENABLE_TESTABILITY = YES;
				GCC_C_LANGUAGE_STANDARD = gnu11;
				GCC_DYNAMIC_NO_PIC = NO;
				GCC_NO_COMMON_BLOCKS = YES;
				GCC_OPTIMIZATION_LEVEL = 0;
				GCC_PREPROCESSOR_DEFINITIONS = (
					"DEBUG=1",
					"$(inherited)",
				);
				GCC_WARN_64_TO_32_BIT_CONVERSION = YES;
				GCC_WARN_ABOUT_RETURN_TYPE = YES_ERROR;
				GCC_WARN_UNDECLARED_SELECTOR = YES;
				GCC_WARN_UNINITIALIZED_AUTOS = YES_AGGRESSIVE;
				GCC_WARN_UNUSED_FUNCTION = YES;
				GCC_WARN_UNUSED_VARIABLE = YES;
				IPHONEOS_DEPLOYMENT_TARGET = 14.4;
				MTL_ENABLE_DEBUG_INFO = INCLUDE_SOURCE;
				MTL_FAST_MATH = YES;
				ONLY_ACTIVE_ARCH = YES;
				SDKROOT = iphoneos;
				SWIFT_ACTIVE_COMPILATION_CONDITIONS = DEBUG;
				SWIFT_OPTIMIZATION_LEVEL = "-Onone";
			};
			name = Debug;
		};
		DA64893926844F80003D697B /* Release */ = {
			isa = XCBuildConfiguration;
			buildSettings = {
				ALWAYS_SEARCH_USER_PATHS = NO;
				CLANG_ANALYZER_NONNULL = YES;
				CLANG_ANALYZER_NUMBER_OBJECT_CONVERSION = YES_AGGRESSIVE;
				CLANG_CXX_LANGUAGE_STANDARD = "gnu++14";
				CLANG_CXX_LIBRARY = "libc++";
				CLANG_ENABLE_MODULES = YES;
				CLANG_ENABLE_OBJC_ARC = YES;
				CLANG_ENABLE_OBJC_WEAK = YES;
				CLANG_WARN_BLOCK_CAPTURE_AUTORELEASING = YES;
				CLANG_WARN_BOOL_CONVERSION = YES;
				CLANG_WARN_COMMA = YES;
				CLANG_WARN_CONSTANT_CONVERSION = YES;
				CLANG_WARN_DEPRECATED_OBJC_IMPLEMENTATIONS = YES;
				CLANG_WARN_DIRECT_OBJC_ISA_USAGE = YES_ERROR;
				CLANG_WARN_DOCUMENTATION_COMMENTS = YES;
				CLANG_WARN_EMPTY_BODY = YES;
				CLANG_WARN_ENUM_CONVERSION = YES;
				CLANG_WARN_INFINITE_RECURSION = YES;
				CLANG_WARN_INT_CONVERSION = YES;
				CLANG_WARN_NON_LITERAL_NULL_CONVERSION = YES;
				CLANG_WARN_OBJC_IMPLICIT_RETAIN_SELF = YES;
				CLANG_WARN_OBJC_LITERAL_CONVERSION = YES;
				CLANG_WARN_OBJC_ROOT_CLASS = YES_ERROR;
				CLANG_WARN_QUOTED_INCLUDE_IN_FRAMEWORK_HEADER = YES;
				CLANG_WARN_RANGE_LOOP_ANALYSIS = YES;
				CLANG_WARN_STRICT_PROTOTYPES = YES;
				CLANG_WARN_SUSPICIOUS_MOVE = YES;
				CLANG_WARN_UNGUARDED_AVAILABILITY = YES_AGGRESSIVE;
				CLANG_WARN_UNREACHABLE_CODE = YES;
				CLANG_WARN__DUPLICATE_METHOD_MATCH = YES;
				COPY_PHASE_STRIP = NO;
				DEBUG_INFORMATION_FORMAT = "dwarf-with-dsym";
				ENABLE_NS_ASSERTIONS = NO;
				ENABLE_STRICT_OBJC_MSGSEND = YES;
				GCC_C_LANGUAGE_STANDARD = gnu11;
				GCC_NO_COMMON_BLOCKS = YES;
				GCC_WARN_64_TO_32_BIT_CONVERSION = YES;
				GCC_WARN_ABOUT_RETURN_TYPE = YES_ERROR;
				GCC_WARN_UNDECLARED_SELECTOR = YES;
				GCC_WARN_UNINITIALIZED_AUTOS = YES_AGGRESSIVE;
				GCC_WARN_UNUSED_FUNCTION = YES;
				GCC_WARN_UNUSED_VARIABLE = YES;
				IPHONEOS_DEPLOYMENT_TARGET = 14.4;
				MTL_ENABLE_DEBUG_INFO = NO;
				MTL_FAST_MATH = YES;
				SDKROOT = iphoneos;
				SWIFT_COMPILATION_MODE = wholemodule;
				SWIFT_OPTIMIZATION_LEVEL = "-O";
				VALIDATE_PRODUCT = YES;
			};
			name = Release;
		};
		DA64893B26844F80003D697B /* Debug */ = {
			isa = XCBuildConfiguration;
			buildSettings = {
				ASSETCATALOG_COMPILER_APPICON_NAME = AppIcon;
				ASSETCATALOG_COMPILER_GLOBAL_ACCENT_COLOR_NAME = AccentColor;
				CODE_SIGN_STYLE = Automatic;
				DEVELOPMENT_TEAM = 4VRJV777FC;
				INFOPLIST_FILE = Sudoku/Info.plist;
				LD_RUNPATH_SEARCH_PATHS = (
					"$(inherited)",
					"@executable_path/Frameworks",
				);
				PRODUCT_BUNDLE_IDENTIFIER = com.jp.Sudoku;
				PRODUCT_NAME = "$(TARGET_NAME)";
				SWIFT_VERSION = 5.0;
				TARGETED_DEVICE_FAMILY = "1,2";
			};
			name = Debug;
		};
		DA64893C26844F80003D697B /* Release */ = {
			isa = XCBuildConfiguration;
			buildSettings = {
				ASSETCATALOG_COMPILER_APPICON_NAME = AppIcon;
				ASSETCATALOG_COMPILER_GLOBAL_ACCENT_COLOR_NAME = AccentColor;
				CODE_SIGN_STYLE = Automatic;
				DEVELOPMENT_TEAM = 4VRJV777FC;
				INFOPLIST_FILE = Sudoku/Info.plist;
				LD_RUNPATH_SEARCH_PATHS = (
					"$(inherited)",
					"@executable_path/Frameworks",
				);
				PRODUCT_BUNDLE_IDENTIFIER = com.jp.Sudoku;
				PRODUCT_NAME = "$(TARGET_NAME)";
				SWIFT_VERSION = 5.0;
				TARGETED_DEVICE_FAMILY = "1,2";
			};
			name = Release;
		};
		DA64893E26844F80003D697B /* Debug */ = {
			isa = XCBuildConfiguration;
			buildSettings = {
				ALWAYS_EMBED_SWIFT_STANDARD_LIBRARIES = YES;
				BUNDLE_LOADER = "$(TEST_HOST)";
				CODE_SIGN_STYLE = Automatic;
				DEVELOPMENT_TEAM = 4VRJV777FC;
				INFOPLIST_FILE = SudokuTests/Info.plist;
				IPHONEOS_DEPLOYMENT_TARGET = 14.4;
				LD_RUNPATH_SEARCH_PATHS = (
					"$(inherited)",
					"@executable_path/Frameworks",
					"@loader_path/Frameworks",
				);
				PRODUCT_BUNDLE_IDENTIFIER = com.jp.SudokuTests;
				PRODUCT_NAME = "$(TARGET_NAME)";
				SWIFT_VERSION = 5.0;
				TARGETED_DEVICE_FAMILY = "1,2";
				TEST_HOST = "$(BUILT_PRODUCTS_DIR)/Sudoku.app/Sudoku";
			};
			name = Debug;
		};
		DA64893F26844F80003D697B /* Release */ = {
			isa = XCBuildConfiguration;
			buildSettings = {
				ALWAYS_EMBED_SWIFT_STANDARD_LIBRARIES = YES;
				BUNDLE_LOADER = "$(TEST_HOST)";
				CODE_SIGN_STYLE = Automatic;
				DEVELOPMENT_TEAM = 4VRJV777FC;
				INFOPLIST_FILE = SudokuTests/Info.plist;
				IPHONEOS_DEPLOYMENT_TARGET = 14.4;
				LD_RUNPATH_SEARCH_PATHS = (
					"$(inherited)",
					"@executable_path/Frameworks",
					"@loader_path/Frameworks",
				);
				PRODUCT_BUNDLE_IDENTIFIER = com.jp.SudokuTests;
				PRODUCT_NAME = "$(TARGET_NAME)";
				SWIFT_VERSION = 5.0;
				TARGETED_DEVICE_FAMILY = "1,2";
				TEST_HOST = "$(BUILT_PRODUCTS_DIR)/Sudoku.app/Sudoku";
			};
			name = Release;
		};
		DA64894126844F80003D697B /* Debug */ = {
			isa = XCBuildConfiguration;
			buildSettings = {
				ALWAYS_EMBED_SWIFT_STANDARD_LIBRARIES = YES;
				CODE_SIGN_STYLE = Automatic;
				DEVELOPMENT_TEAM = 4VRJV777FC;
				INFOPLIST_FILE = SudokuUITests/Info.plist;
				LD_RUNPATH_SEARCH_PATHS = (
					"$(inherited)",
					"@executable_path/Frameworks",
					"@loader_path/Frameworks",
				);
				PRODUCT_BUNDLE_IDENTIFIER = com.jp.SudokuUITests;
				PRODUCT_NAME = "$(TARGET_NAME)";
				SWIFT_VERSION = 5.0;
				TARGETED_DEVICE_FAMILY = "1,2";
				TEST_TARGET_NAME = Sudoku;
			};
			name = Debug;
		};
		DA64894226844F80003D697B /* Release */ = {
			isa = XCBuildConfiguration;
			buildSettings = {
				ALWAYS_EMBED_SWIFT_STANDARD_LIBRARIES = YES;
				CODE_SIGN_STYLE = Automatic;
				DEVELOPMENT_TEAM = 4VRJV777FC;
				INFOPLIST_FILE = SudokuUITests/Info.plist;
				LD_RUNPATH_SEARCH_PATHS = (
					"$(inherited)",
					"@executable_path/Frameworks",
					"@loader_path/Frameworks",
				);
				PRODUCT_BUNDLE_IDENTIFIER = com.jp.SudokuUITests;
				PRODUCT_NAME = "$(TARGET_NAME)";
				SWIFT_VERSION = 5.0;
				TARGETED_DEVICE_FAMILY = "1,2";
				TEST_TARGET_NAME = Sudoku;
			};
			name = Release;
		};
/* End XCBuildConfiguration section */

/* Begin XCConfigurationList section */
		DA64890B26844F7A003D697B /* Build configuration list for PBXProject "Sudoku" */ = {
			isa = XCConfigurationList;
			buildConfigurations = (
				DA64893826844F80003D697B /* Debug */,
				DA64893926844F80003D697B /* Release */,
			);
			defaultConfigurationIsVisible = 0;
			defaultConfigurationName = Release;
		};
		DA64893A26844F80003D697B /* Build configuration list for PBXNativeTarget "Sudoku" */ = {
			isa = XCConfigurationList;
			buildConfigurations = (
				DA64893B26844F80003D697B /* Debug */,
				DA64893C26844F80003D697B /* Release */,
			);
			defaultConfigurationIsVisible = 0;
			defaultConfigurationName = Release;
		};
		DA64893D26844F80003D697B /* Build configuration list for PBXNativeTarget "SudokuTests" */ = {
			isa = XCConfigurationList;
			buildConfigurations = (
				DA64893E26844F80003D697B /* Debug */,
				DA64893F26844F80003D697B /* Release */,
			);
			defaultConfigurationIsVisible = 0;
			defaultConfigurationName = Release;
		};
		DA64894026844F80003D697B /* Build configuration list for PBXNativeTarget "SudokuUITests" */ = {
			isa = XCConfigurationList;
			buildConfigurations = (
				DA64894126844F80003D697B /* Debug */,
				DA64894226844F80003D697B /* Release */,
			);
			defaultConfigurationIsVisible = 0;
			defaultConfigurationName = Release;
		};
/* End XCConfigurationList section */
	};
	rootObject = DA64890826844F7A003D697B /* Project object */;
}
